
Microsoft Visual Studio Solution File, Format Version 12.00
# Visual Studio Version 17
VisualStudioVersion = 17.14.36127.28
MinimumVisualStudioVersion = 10.0.40219.1
Project("{9A19103F-16F7-4668-BE54-9A1E7A4F7556}") = "Dominio", "Dominio\Dominio.csproj", "{645ADA9B-46F0-4FE0-BBCC-42525A5EFF71}"
EndProject
Project("{9A19103F-16F7-4668-BE54-9A1E7A4F7556}") = "InfraEstrutura", "InfraEstrutura\InfraEstrutura.csproj", "{B56BF1F0-966E-4948-A345-434ED7650176}"
EndProject
Project("{9A19103F-16F7-4668-BE54-9A1E7A4F7556}") = "Service", "Service\Service.csproj", "{8284ECDD-F6BF-45BD-A7F6-A07A270806CD}"
EndProject
Project("{9A19103F-16F7-4668-BE54-9A1E7A4F7556}") = "Interface", "Interface\Interface.csproj", "{56806F6E-AB8A-489C-BA35-68AE91D54BDF}"
EndProject
Project("{FAE04EC0-301F-11D3-BF4B-00C04F79EFBC}") = "Ecommerce", "Ecommerce\Ecommerce.csproj", "{AEAD66E0-D529-4CB9-A5FC-9A6C9DA1A584}"
EndProject
Global
	GlobalSection(SolutionConfigurationPlatforms) = preSolution
		Debug|Any CPU = Debug|Any CPU
		Release|Any CPU = Release|Any CPU
	EndGlobalSection
	GlobalSection(ProjectConfigurationPlatforms) = postSolution
		{645ADA9B-46F0-4FE0-BBCC-42525A5EFF71}.Debug|Any CPU.ActiveCfg = Debug|Any CPU
		{645ADA9B-46F0-4FE0-BBCC-42525A5EFF71}.Debug|Any CPU.Build.0 = Debug|Any CPU
		{645ADA9B-46F0-4FE0-BBCC-42525A5EFF71}.Release|Any CPU.ActiveCfg = Release|Any CPU
		{645ADA9B-46F0-4FE0-BBCC-42525A5EFF71}.Release|Any CPU.Build.0 = Release|Any CPU
		{B56BF1F0-966E-4948-A345-434ED7650176}.Debug|Any CPU.ActiveCfg = Debug|Any CPU
		{B56BF1F0-966E-4948-A345-434ED7650176}.Debug|Any CPU.Build.0 = Debug|Any CPU
		{B56BF1F0-966E-4948-A345-434ED7650176}.Release|Any CPU.ActiveCfg = Release|Any CPU
		{B56BF1F0-966E-4948-A345-434ED7650176}.Release|Any CPU.Build.0 = Release|Any CPU
		{8284ECDD-F6BF-45BD-A7F6-A07A270806CD}.Debug|Any CPU.ActiveCfg = Debug|Any CPU
		{8284ECDD-F6BF-45BD-A7F6-A07A270806CD}.Debug|Any CPU.Build.0 = Debug|Any CPU
		{8284ECDD-F6BF-45BD-A7F6-A07A270806CD}.Release|Any CPU.ActiveCfg = Release|Any CPU
		{8284ECDD-F6BF-45BD-A7F6-A07A270806CD}.Release|Any CPU.Build.0 = Release|Any CPU
		{56806F6E-AB8A-489C-BA35-68AE91D54BDF}.Debug|Any CPU.ActiveCfg = Debug|Any CPU
		{56806F6E-AB8A-489C-BA35-68AE91D54BDF}.Debug|Any CPU.Build.0 = Debug|Any CPU
		{56806F6E-AB8A-489C-BA35-68AE91D54BDF}.Release|Any CPU.ActiveCfg = Release|Any CPU
		{56806F6E-AB8A-489C-BA35-68AE91D54BDF}.Release|Any CPU.Build.0 = Release|Any CPU
		{AEAD66E0-D529-4CB9-A5FC-9A6C9DA1A584}.Debug|Any CPU.ActiveCfg = Debug|Any CPU
		{AEAD66E0-D529-4CB9-A5FC-9A6C9DA1A584}.Debug|Any CPU.Build.0 = Debug|Any CPU
		{AEAD66E0-D529-4CB9-A5FC-9A6C9DA1A584}.Release|Any CPU.ActiveCfg = Release|Any CPU
		{AEAD66E0-D529-4CB9-A5FC-9A6C9DA1A584}.Release|Any CPU.Build.0 = Release|Any CPU
	EndGlobalSection
	GlobalSection(SolutionProperties) = preSolution
		HideSolutionNode = FALSE
	EndGlobalSection
	GlobalSection(ExtensibilityGlobals) = postSolution
		SolutionGuid = {611B6FBA-DD3A-45FB-86B9-28E934622083}
	EndGlobalSection
EndGlobal
